<?xml version="1.0" encoding="utf-8"?>
<Project ToolsVersion="4.0" xmlns="http://schemas.microsoft.com/developer/msbuild/2003">
  <ItemGroup>
    <Filter Include="Resource Files">
      <UniqueIdentifier>{67DA6AB6-F800-4c08-8B7A-83BB121AAD01}</UniqueIdentifier>
      <Extensions>rc;ico;cur;bmp;dlg;rc2;rct;bin;rgs;gif;jpg;jpeg;jpe;resx;tiff;tif;png;wav;mfcribbon-ms</Extensions>
    </Filter>
    <Filter Include="Core">
      <UniqueIdentifier>{682c29ad-ad1b-4024-beee-41313beadbcf}</UniqueIdentifier>
    </Filter>
    <Filter Include="Core\Game Settings">
      <UniqueIdentifier>{497c1148-68e0-4573-8690-3162c37c7c53}</UniqueIdentifier>
    </Filter>
    <Filter Include="Core\Config">
      <UniqueIdentifier>{d7c28e5c-8e38-4629-a7ea-3ae5f983822a}</UniqueIdentifier>
    </Filter>
    <Filter Include="Scenes">
      <UniqueIdentifier>{9cddf7d5-82c2-49d0-916d-bd3be870c76e}</UniqueIdentifier>
    </Filter>
    <Filter Include="Scenes\Base class">
      <UniqueIdentifier>{495a3abd-cfd1-493d-b242-40407d2e817c}</UniqueIdentifier>
    </Filter>
    <Filter Include="Scenes\Main scene">
      <UniqueIdentifier>{20e5fcca-5021-43c0-8abd-31de164ca662}</UniqueIdentifier>
    </Filter>
    <Filter Include="GUI">
      <UniqueIdentifier>{27b04ee2-085d-442c-ab67-e73f211b8f1e}</UniqueIdentifier>
    </Filter>
    <Filter Include="GUI\Base GUI class">
      <UniqueIdentifier>{a328aa64-0914-4d0e-8956-b20d81caac70}</UniqueIdentifier>
    </Filter>
    <Filter Include="GUI\GUI Button">
      <UniqueIdentifier>{1d701081-1776-4760-b2d1-91dc530eca7d}</UniqueIdentifier>
    </Filter>
    <Filter Include="Core\Functions">
      <UniqueIdentifier>{2912cb3c-877c-4577-9987-64880cc5ff4b}</UniqueIdentifier>
    </Filter>
    <Filter Include="Core\Geometry">
      <UniqueIdentifier>{c90cc20d-5665-4f02-a904-04737c9fcce1}</UniqueIdentifier>
    </Filter>
    <Filter Include="Core\Geometry\Vector">
      <UniqueIdentifier>{0fd78551-c2c7-459a-8cb5-1279307f7729}</UniqueIdentifier>
    </Filter>
    <Filter Include="GUI\GuiCheckbox">
      <UniqueIdentifier>{2d7d4893-ea88-49f2-96ea-dea9012d03c7}</UniqueIdentifier>
    </Filter>
    <Filter Include="Scenes\Settings scene">
      <UniqueIdentifier>{9ecbb486-a8b8-4cb7-a4cf-3b4f544f5924}</UniqueIdentifier>
    </Filter>
    <Filter Include="Space">
      <UniqueIdentifier>{182bf042-d2ea-44c5-bfc9-b2e668f1de72}</UniqueIdentifier>
    </Filter>
    <Filter Include="Space\Space scene">
      <UniqueIdentifier>{8f8c0195-910c-4083-b448-c7ccb01221fa}</UniqueIdentifier>
    </Filter>
    <Filter Include="Space\Celestial body">
      <UniqueIdentifier>{879d6233-c805-4059-ae9a-855c9d5a269a}</UniqueIdentifier>
    </Filter>
  </ItemGroup>
  <ItemGroup>
    <ClCompile Include="Scene.cpp">
      <Filter>Scenes\Base class</Filter>
    </ClCompile>
    <ClCompile Include="GuiWidget.cpp">
      <Filter>GUI\Base GUI class</Filter>
    </ClCompile>
    <ClCompile Include="GuiButton.cpp">
      <Filter>GUI\GUI Button</Filter>
    </ClCompile>
    <ClCompile Include="main.cpp" />
    <ClCompile Include="MainMenu.cpp">
      <Filter>Scenes\Main scene</Filter>
    </ClCompile>
    <ClCompile Include="Core\functions.cpp" />
    <ClCompile Include="GuiCheckbox.cpp">
      <Filter>GUI\GuiCheckbox</Filter>
    </ClCompile>
    <ClCompile Include="SettingsMenu.cpp">
      <Filter>Scenes\Settings scene</Filter>
    </ClCompile>
    <ClCompile Include="CelestialBody.cpp">
      <Filter>Space\Celestial body</Filter>
    </ClCompile>
    <ClCompile Include="Space.cpp" />
  </ItemGroup>
  <ItemGroup>
    <ClInclude Include="Scene.h">
      <Filter>Scenes\Base class</Filter>
    </ClInclude>
    <ClInclude Include="GuiWidget.h">
      <Filter>GUI\Base GUI class</Filter>
    </ClInclude>
    <ClInclude Include="GuiButton.h">
      <Filter>GUI\GUI Button</Filter>
    </ClInclude>
    <ClInclude Include="gui.h">
      <Filter>GUI</Filter>
    </ClInclude>
    <ClInclude Include="MainMenu.h">
      <Filter>Scenes\Main scene</Filter>
    </ClInclude>
    <ClInclude Include="Core\Config.h" />
    <ClInclude Include="Core\core.h" />
    <ClInclude Include="Core\functions.h" />
    <ClInclude Include="Core\GameSettings.h" />
    <ClInclude Include="Core\Vector2.h" />
    <ClInclude Include="GuiCheckbox.h">
      <Filter>GUI\GuiCheckbox</Filter>
    </ClInclude>
    <ClInclude Include="SettingsMenu.h">
      <Filter>Scenes\Settings scene</Filter>
    </ClInclude>
    <ClInclude Include="CelestialBody.h">
      <Filter>Space\Celestial body</Filter>
    </ClInclude>
    <ClInclude Include="Space.h" />
  </ItemGroup>
  <ItemGroup>
    <Image Include="Resources\GUI\check_box_icon.png">
      <Filter>Resource Files</Filter>
    </Image>
    <Image Include="Resources\Main menu\GRAVITY_icon.png">
      <Filter>Resource Files</Filter>
    </Image>
    <Image Include="Resources\Main menu\New_simulation_icon.png">
      <Filter>Resource Files</Filter>
    </Image>
    <Image Include="Resources\Main menu\Quit_icon.png">
      <Filter>Resource Files</Filter>
    </Image>
    <Image Include="Resources\Main menu\Settings_icon.png">
      <Filter>Resource Files</Filter>
    </Image>
    <Image Include="Resources\Settings scene\Fullscreen_icon.png">
      <Filter>Resource Files</Filter>
    </Image>
    <Image Include="Resources\Settings scene\Resolution_icon.png">
      <Filter>Resource Files</Filter>
    </Image>
    <Image Include="Resources\Simulation scene\add_object_icon.png">
      <Filter>Resource Files</Filter>
    </Image>
    <Image Include="Resources\Simulation scene\main_menu_icon.png">
      <Filter>Resource Files</Filter>
    </Image>
    <Image Include="Resources\Simulation scene\pause_icon.png">
      <Filter>Resource Files</Filter>
    </Image>
    <Image Include="Resources\Simulation scene\settings_icon.png">
      <Filter>Resource Files</Filter>
    </Image>
    <Image Include="Resources\Settings scene\Accept_icon.png">
      <Filter>Resource Files</Filter>
    </Image>
    <Image Include="Resources\Settings scene\Cancel_icon.png">
      <Filter>Resource Files</Filter>
    </Image>
    <Image Include="Resources\Settings scene\Apply_icon.png">
      <Filter>Resource Files</Filter>
    </Image>
    <Image Include="Resources\Settings scene\Settings.png">
      <Filter>Resource Files</Filter>
    </Image>
  </ItemGroup>
  <ItemGroup>
    <Font Include="Resources\Fonts\Slabo_font.ttf">
      <Filter>Resource Files</Filter>
    </Font>
    <Font Include="Resources\Fonts\VideoTerminalSc.ttf">
      <Filter>Resource Files</Filter>
    </Font>
  </ItemGroup>
</Project>